
Microsoft Visual Studio Solution File, Format Version 12.00
# Visual Studio Version 16
VisualStudioVersion = 16.0.810.9
MinimumVisualStudioVersion = 10.0.40219.1
Project("{2150E333-8FDC-42A3-9474-1A3956D46DE8}") = "src", "src", "{ABBE278C-4560-420D-82E0-3C20CD3972F5}"
EndProject
Project("{2150E333-8FDC-42A3-9474-1A3956D46DE8}") = "Building Blocks", "Building Blocks", "{9D712BDD-57EA-4FE0-8794-4C0875539A6A}"
EndProject
Project("{2150E333-8FDC-42A3-9474-1A3956D46DE8}") = "Services", "Services", "{4AFF5FBE-0F8C-4524-9DB6-398F5C38C956}"
EndProject
Project("{2150E333-8FDC-42A3-9474-1A3956D46DE8}") = "Web", "Web", "{2CD7C952-15EC-47B9-8622-EA72F5591F42}"
EndProject
Project("{2150E333-8FDC-42A3-9474-1A3956D46DE8}") = "Identity", "Identity", "{E75BE433-1E28-46AC-8121-4E018D92878C}"
EndProject
Project("{9A19103F-16F7-4668-BE54-9A1E7A4F7556}") = "NSE.Identity.API", "src\services\NSE.Identity.API\NSE.Identity.API.csproj", "{683860BE-756C-4C74-A943-C1F70BBCBD34}"
EndProject
Project("{2150E333-8FDC-42A3-9474-1A3956D46DE8}") = "MVC", "MVC", "{E5AAD8B8-305E-4341-B8A7-B5726206BB61}"
EndProject
Project("{2150E333-8FDC-42A3-9474-1A3956D46DE8}") = "Core", "Core", "{F35EE055-173B-4835-9F32-C86A188FE36A}"
EndProject
Project("{9A19103F-16F7-4668-BE54-9A1E7A4F7556}") = "NSE.Core", "src\building blocks\NSE.Core\NSE.Core.csproj", "{F8D3AF6F-4749-492E-A1C3-0F7D0EE3B2A1}"
EndProject
Project("{9A19103F-16F7-4668-BE54-9A1E7A4F7556}") = "NSE.WebAPP.MVC", "src\web\NSE.WebAPP.MVC\NSE.WebAPP.MVC.csproj", "{BE14B7DB-FE2D-4C68-9452-85F725DBF1E1}"
EndProject
Project("{2150E333-8FDC-42A3-9474-1A3956D46DE8}") = "Catalog", "Catalog", "{17FA428F-04AB-42A4-BB3B-7F824053AEE8}"
EndProject
Project("{9A19103F-16F7-4668-BE54-9A1E7A4F7556}") = "NSE.Catalog.API", "src\services\NSE.Catalog.API\NSE.Catalog.API.csproj", "{D95CC9F4-ABB4-4AB2-AE59-8B77B5CE5416}"
EndProject
Project("{2150E333-8FDC-42A3-9474-1A3956D46DE8}") = "Services", "Services", "{14CD8F6D-6268-470A-9673-3CE0EC41409D}"
EndProject
Project("{9A19103F-16F7-4668-BE54-9A1E7A4F7556}") = "NSE.WebAPI.Core", "src\building blocks\NSE.WebAPI.Core\NSE.WebAPI.Core.csproj", "{49F6BBAE-DC79-4376-81CC-37F1139A1040}"
EndProject
Project("{2150E333-8FDC-42A3-9474-1A3956D46DE8}") = "Customers", "Customers", "{F679F267-054B-4389-97C1-AA293FCEE650}"
EndProject
Project("{9A19103F-16F7-4668-BE54-9A1E7A4F7556}") = "NSE.Customers.API", "src\services\NSE.Customers.API\NSE.Customers.API.csproj", "{700FC398-89EC-4591-8C57-984C22F730F0}"
EndProject
Project("{2150E333-8FDC-42A3-9474-1A3956D46DE8}") = "MessageBus", "MessageBus", "{3EDA7856-71C6-48A6-9484-5C2A9599E73B}"
EndProject
Project("{9A19103F-16F7-4668-BE54-9A1E7A4F7556}") = "NSE.MessageBus", "src\building blocks\NSE.MessageBus\NSE.MessageBus.csproj", "{2719573F-174E-4159-8839-012DDA8025C5}"
EndProject
Project("{2150E333-8FDC-42A3-9474-1A3956D46DE8}") = "Cart", "Cart", "{FB8257D7-A9DB-4788-BC99-47DEFE163756}"
EndProject
Project("{9A19103F-16F7-4668-BE54-9A1E7A4F7556}") = "NSE.Cart.API", "src\services\NSE.Cart.API\NSE.Cart.API.csproj", "{F399E634-5E0E-4DAA-8435-C237FC9DC46B}"
EndProject
Project("{2150E333-8FDC-42A3-9474-1A3956D46DE8}") = "ApiGateways", "ApiGateways", "{68157880-D5FC-4347-A6C1-381428E3D835}"
EndProject
Project("{2150E333-8FDC-42A3-9474-1A3956D46DE8}") = "Shop", "Shop", "{DA31509A-CF05-4C26-A06D-119CCF12F2E7}"
EndProject
Project("{9A19103F-16F7-4668-BE54-9A1E7A4F7556}") = "NSE.Bff.Shop", "src\api gateways\NSE.Bff.Shop\NSE.Bff.Shop.csproj", "{258CAB19-911C-4C40-9639-4F9C0708F367}"
EndProject
Project("{2150E333-8FDC-42A3-9474-1A3956D46DE8}") = "Order", "Order", "{FD8C8EFD-0C46-477B-9440-72D36ADDD9BA}"
EndProject
Project("{FAE04EC0-301F-11D3-BF4B-00C04F79EFBC}") = "NSE.Order.API", "src\services\NSE.Order.API\NSE.Order.API.csproj", "{69DA4574-808A-4D84-8F07-15CF715B9A30}"
EndProject
Project("{FAE04EC0-301F-11D3-BF4B-00C04F79EFBC}") = "NSE.Order.Domain", "src\services\NSE.Order.Domain\NSE.Order.Domain.csproj", "{27CD845D-905F-4E20-8985-DE7095E69FF8}"
EndProject
Project("{FAE04EC0-301F-11D3-BF4B-00C04F79EFBC}") = "NSE.Order.Infra", "src\services\NSE.Order.Infra\NSE.Order.Infra.csproj", "{869DB78A-39E9-439E-808C-0CCF594DFBC1}"
EndProject
Global
	GlobalSection(SolutionConfigurationPlatforms) = preSolution
		Debug|Any CPU = Debug|Any CPU
		Release|Any CPU = Release|Any CPU
	EndGlobalSection
	GlobalSection(ProjectConfigurationPlatforms) = postSolution
		{683860BE-756C-4C74-A943-C1F70BBCBD34}.Debug|Any CPU.ActiveCfg = Debug|Any CPU
		{683860BE-756C-4C74-A943-C1F70BBCBD34}.Debug|Any CPU.Build.0 = Debug|Any CPU
		{683860BE-756C-4C74-A943-C1F70BBCBD34}.Release|Any CPU.ActiveCfg = Release|Any CPU
		{683860BE-756C-4C74-A943-C1F70BBCBD34}.Release|Any CPU.Build.0 = Release|Any CPU
		{F8D3AF6F-4749-492E-A1C3-0F7D0EE3B2A1}.Debug|Any CPU.ActiveCfg = Debug|Any CPU
		{F8D3AF6F-4749-492E-A1C3-0F7D0EE3B2A1}.Debug|Any CPU.Build.0 = Debug|Any CPU
		{F8D3AF6F-4749-492E-A1C3-0F7D0EE3B2A1}.Release|Any CPU.ActiveCfg = Release|Any CPU
		{F8D3AF6F-4749-492E-A1C3-0F7D0EE3B2A1}.Release|Any CPU.Build.0 = Release|Any CPU
		{BE14B7DB-FE2D-4C68-9452-85F725DBF1E1}.Debug|Any CPU.ActiveCfg = Debug|Any CPU
		{BE14B7DB-FE2D-4C68-9452-85F725DBF1E1}.Debug|Any CPU.Build.0 = Debug|Any CPU
		{BE14B7DB-FE2D-4C68-9452-85F725DBF1E1}.Release|Any CPU.ActiveCfg = Release|Any CPU
		{BE14B7DB-FE2D-4C68-9452-85F725DBF1E1}.Release|Any CPU.Build.0 = Release|Any CPU
		{D95CC9F4-ABB4-4AB2-AE59-8B77B5CE5416}.Debug|Any CPU.ActiveCfg = Debug|Any CPU
		{D95CC9F4-ABB4-4AB2-AE59-8B77B5CE5416}.Debug|Any CPU.Build.0 = Debug|Any CPU
		{D95CC9F4-ABB4-4AB2-AE59-8B77B5CE5416}.Release|Any CPU.ActiveCfg = Release|Any CPU
		{D95CC9F4-ABB4-4AB2-AE59-8B77B5CE5416}.Release|Any CPU.Build.0 = Release|Any CPU
		{49F6BBAE-DC79-4376-81CC-37F1139A1040}.Debug|Any CPU.ActiveCfg = Debug|Any CPU
		{49F6BBAE-DC79-4376-81CC-37F1139A1040}.Debug|Any CPU.Build.0 = Debug|Any CPU
		{49F6BBAE-DC79-4376-81CC-37F1139A1040}.Release|Any CPU.ActiveCfg = Release|Any CPU
		{49F6BBAE-DC79-4376-81CC-37F1139A1040}.Release|Any CPU.Build.0 = Release|Any CPU
		{700FC398-89EC-4591-8C57-984C22F730F0}.Debug|Any CPU.ActiveCfg = Debug|Any CPU
		{700FC398-89EC-4591-8C57-984C22F730F0}.Debug|Any CPU.Build.0 = Debug|Any CPU
		{700FC398-89EC-4591-8C57-984C22F730F0}.Release|Any CPU.ActiveCfg = Release|Any CPU
		{700FC398-89EC-4591-8C57-984C22F730F0}.Release|Any CPU.Build.0 = Release|Any CPU
		{2719573F-174E-4159-8839-012DDA8025C5}.Debug|Any CPU.ActiveCfg = Debug|Any CPU
		{2719573F-174E-4159-8839-012DDA8025C5}.Debug|Any CPU.Build.0 = Debug|Any CPU
		{2719573F-174E-4159-8839-012DDA8025C5}.Release|Any CPU.ActiveCfg = Release|Any CPU
		{2719573F-174E-4159-8839-012DDA8025C5}.Release|Any CPU.Build.0 = Release|Any CPU
		{F399E634-5E0E-4DAA-8435-C237FC9DC46B}.Debug|Any CPU.ActiveCfg = Debug|Any CPU
		{F399E634-5E0E-4DAA-8435-C237FC9DC46B}.Debug|Any CPU.Build.0 = Debug|Any CPU
		{F399E634-5E0E-4DAA-8435-C237FC9DC46B}.Release|Any CPU.ActiveCfg = Release|Any CPU
		{F399E634-5E0E-4DAA-8435-C237FC9DC46B}.Release|Any CPU.Build.0 = Release|Any CPU
		{258CAB19-911C-4C40-9639-4F9C0708F367}.Debug|Any CPU.ActiveCfg = Debug|Any CPU
		{258CAB19-911C-4C40-9639-4F9C0708F367}.Debug|Any CPU.Build.0 = Debug|Any CPU
		{258CAB19-911C-4C40-9639-4F9C0708F367}.Release|Any CPU.ActiveCfg = Release|Any CPU
		{258CAB19-911C-4C40-9639-4F9C0708F367}.Release|Any CPU.Build.0 = Release|Any CPU
		{69DA4574-808A-4D84-8F07-15CF715B9A30}.Debug|Any CPU.ActiveCfg = Debug|Any CPU
		{69DA4574-808A-4D84-8F07-15CF715B9A30}.Debug|Any CPU.Build.0 = Debug|Any CPU
		{69DA4574-808A-4D84-8F07-15CF715B9A30}.Release|Any CPU.ActiveCfg = Release|Any CPU
		{69DA4574-808A-4D84-8F07-15CF715B9A30}.Release|Any CPU.Build.0 = Release|Any CPU
		{27CD845D-905F-4E20-8985-DE7095E69FF8}.Debug|Any CPU.ActiveCfg = Debug|Any CPU
		{27CD845D-905F-4E20-8985-DE7095E69FF8}.Debug|Any CPU.Build.0 = Debug|Any CPU
		{27CD845D-905F-4E20-8985-DE7095E69FF8}.Release|Any CPU.ActiveCfg = Release|Any CPU
		{27CD845D-905F-4E20-8985-DE7095E69FF8}.Release|Any CPU.Build.0 = Release|Any CPU
		{869DB78A-39E9-439E-808C-0CCF594DFBC1}.Debug|Any CPU.ActiveCfg = Debug|Any CPU
		{869DB78A-39E9-439E-808C-0CCF594DFBC1}.Debug|Any CPU.Build.0 = Debug|Any CPU
		{869DB78A-39E9-439E-808C-0CCF594DFBC1}.Release|Any CPU.ActiveCfg = Release|Any CPU
		{869DB78A-39E9-439E-808C-0CCF594DFBC1}.Release|Any CPU.Build.0 = Release|Any CPU
	EndGlobalSection
	GlobalSection(SolutionProperties) = preSolution
		HideSolutionNode = FALSE
	EndGlobalSection
	GlobalSection(NestedProjects) = preSolution
		{9D712BDD-57EA-4FE0-8794-4C0875539A6A} = {ABBE278C-4560-420D-82E0-3C20CD3972F5}
		{4AFF5FBE-0F8C-4524-9DB6-398F5C38C956} = {ABBE278C-4560-420D-82E0-3C20CD3972F5}
		{2CD7C952-15EC-47B9-8622-EA72F5591F42} = {ABBE278C-4560-420D-82E0-3C20CD3972F5}
		{E75BE433-1E28-46AC-8121-4E018D92878C} = {4AFF5FBE-0F8C-4524-9DB6-398F5C38C956}
		{683860BE-756C-4C74-A943-C1F70BBCBD34} = {E75BE433-1E28-46AC-8121-4E018D92878C}
		{E5AAD8B8-305E-4341-B8A7-B5726206BB61} = {2CD7C952-15EC-47B9-8622-EA72F5591F42}
		{F35EE055-173B-4835-9F32-C86A188FE36A} = {9D712BDD-57EA-4FE0-8794-4C0875539A6A}
		{F8D3AF6F-4749-492E-A1C3-0F7D0EE3B2A1} = {F35EE055-173B-4835-9F32-C86A188FE36A}
		{BE14B7DB-FE2D-4C68-9452-85F725DBF1E1} = {E5AAD8B8-305E-4341-B8A7-B5726206BB61}
		{17FA428F-04AB-42A4-BB3B-7F824053AEE8} = {4AFF5FBE-0F8C-4524-9DB6-398F5C38C956}
		{D95CC9F4-ABB4-4AB2-AE59-8B77B5CE5416} = {17FA428F-04AB-42A4-BB3B-7F824053AEE8}
		{14CD8F6D-6268-470A-9673-3CE0EC41409D} = {9D712BDD-57EA-4FE0-8794-4C0875539A6A}
		{49F6BBAE-DC79-4376-81CC-37F1139A1040} = {14CD8F6D-6268-470A-9673-3CE0EC41409D}
		{F679F267-054B-4389-97C1-AA293FCEE650} = {4AFF5FBE-0F8C-4524-9DB6-398F5C38C956}
		{700FC398-89EC-4591-8C57-984C22F730F0} = {F679F267-054B-4389-97C1-AA293FCEE650}
		{3EDA7856-71C6-48A6-9484-5C2A9599E73B} = {9D712BDD-57EA-4FE0-8794-4C0875539A6A}
		{2719573F-174E-4159-8839-012DDA8025C5} = {3EDA7856-71C6-48A6-9484-5C2A9599E73B}
		{FB8257D7-A9DB-4788-BC99-47DEFE163756} = {4AFF5FBE-0F8C-4524-9DB6-398F5C38C956}
		{F399E634-5E0E-4DAA-8435-C237FC9DC46B} = {FB8257D7-A9DB-4788-BC99-47DEFE163756}
		{68157880-D5FC-4347-A6C1-381428E3D835} = {ABBE278C-4560-420D-82E0-3C20CD3972F5}
		{DA31509A-CF05-4C26-A06D-119CCF12F2E7} = {68157880-D5FC-4347-A6C1-381428E3D835}
		{258CAB19-911C-4C40-9639-4F9C0708F367} = {DA31509A-CF05-4C26-A06D-119CCF12F2E7}
		{FD8C8EFD-0C46-477B-9440-72D36ADDD9BA} = {4AFF5FBE-0F8C-4524-9DB6-398F5C38C956}
		{69DA4574-808A-4D84-8F07-15CF715B9A30} = {FD8C8EFD-0C46-477B-9440-72D36ADDD9BA}
		{27CD845D-905F-4E20-8985-DE7095E69FF8} = {FD8C8EFD-0C46-477B-9440-72D36ADDD9BA}
		{869DB78A-39E9-439E-808C-0CCF594DFBC1} = {FD8C8EFD-0C46-477B-9440-72D36ADDD9BA}
	EndGlobalSection
	GlobalSection(ExtensibilityGlobals) = postSolution
		SolutionGuid = {A4294961-6651-45DB-9DCD-63D62636D5C9}
	EndGlobalSection
EndGlobal
