
Microsoft Visual Studio Solution File, Format Version 12.00
# Visual Studio Version 16
VisualStudioVersion = 16.0.810.9
MinimumVisualStudioVersion = 10.0.40219.1
Project("{2150E333-8FDC-42A3-9474-1A3956D46DE8}") = "src", "src", "{ABBE278C-4560-420D-82E0-3C20CD3972F5}"
EndProject
Project("{2150E333-8FDC-42A3-9474-1A3956D46DE8}") = "Building Blocks", "Building Blocks", "{9D712BDD-57EA-4FE0-8794-4C0875539A6A}"
EndProject
Project("{2150E333-8FDC-42A3-9474-1A3956D46DE8}") = "Services", "Services", "{4AFF5FBE-0F8C-4524-9DB6-398F5C38C956}"
EndProject
Project("{2150E333-8FDC-42A3-9474-1A3956D46DE8}") = "Web", "Web", "{2CD7C952-15EC-47B9-8622-EA72F5591F42}"
EndProject
Project("{2150E333-8FDC-42A3-9474-1A3956D46DE8}") = "Identity", "Identity", "{E75BE433-1E28-46AC-8121-4E018D92878C}"
EndProject
Project("{FAE04EC0-301F-11D3-BF4B-00C04F79EFBC}") = "NSE.Identity.API", "src\services\NSE.Identity.API\NSE.Identity.API.csproj", "{683860BE-756C-4C74-A943-C1F70BBCBD34}"
EndProject
Project("{2150E333-8FDC-42A3-9474-1A3956D46DE8}") = "MVC", "MVC", "{E5AAD8B8-305E-4341-B8A7-B5726206BB61}"
EndProject
Project("{2150E333-8FDC-42A3-9474-1A3956D46DE8}") = "Core", "Core", "{F35EE055-173B-4835-9F32-C86A188FE36A}"
EndProject
Project("{FAE04EC0-301F-11D3-BF4B-00C04F79EFBC}") = "NSE.Core", "src\building blocks\NSE.Core\NSE.Core.csproj", "{F8D3AF6F-4749-492E-A1C3-0F7D0EE3B2A1}"
EndProject
Project("{FAE04EC0-301F-11D3-BF4B-00C04F79EFBC}") = "NSE.WebAPP.MVC", "src\web\NSE.WebAPP.MVC\NSE.WebAPP.MVC.csproj", "{BE14B7DB-FE2D-4C68-9452-85F725DBF1E1}"
EndProject
Project("{2150E333-8FDC-42A3-9474-1A3956D46DE8}") = "Catalog", "Catalog", "{17FA428F-04AB-42A4-BB3B-7F824053AEE8}"
EndProject
Project("{FAE04EC0-301F-11D3-BF4B-00C04F79EFBC}") = "NSE.Catalog.API", "src\services\NSE.Catalog.API\NSE.Catalog.API.csproj", "{D95CC9F4-ABB4-4AB2-AE59-8B77B5CE5416}"
EndProject
Project("{2150E333-8FDC-42A3-9474-1A3956D46DE8}") = "Services", "Services", "{14CD8F6D-6268-470A-9673-3CE0EC41409D}"
EndProject
Project("{FAE04EC0-301F-11D3-BF4B-00C04F79EFBC}") = "NSE.WebAPI.Core", "src\building blocks\NSE.WebAPI.Core\NSE.WebAPI.Core.csproj", "{49F6BBAE-DC79-4376-81CC-37F1139A1040}"
EndProject
Project("{2150E333-8FDC-42A3-9474-1A3956D46DE8}") = "Customers", "Customers", "{F679F267-054B-4389-97C1-AA293FCEE650}"
EndProject
Project("{FAE04EC0-301F-11D3-BF4B-00C04F79EFBC}") = "NSE.Customers.API", "src\services\NSE.Clients.API\NSE.Customers.API.csproj", "{5305AF37-4CDF-428D-8FA6-9A52791A1C89}"
EndProject
Global
	GlobalSection(SolutionConfigurationPlatforms) = preSolution
		Debug|Any CPU = Debug|Any CPU
		Release|Any CPU = Release|Any CPU
	EndGlobalSection
	GlobalSection(ProjectConfigurationPlatforms) = postSolution
		{683860BE-756C-4C74-A943-C1F70BBCBD34}.Debug|Any CPU.ActiveCfg = Debug|Any CPU
		{683860BE-756C-4C74-A943-C1F70BBCBD34}.Debug|Any CPU.Build.0 = Debug|Any CPU
		{683860BE-756C-4C74-A943-C1F70BBCBD34}.Release|Any CPU.ActiveCfg = Release|Any CPU
		{683860BE-756C-4C74-A943-C1F70BBCBD34}.Release|Any CPU.Build.0 = Release|Any CPU
		{F8D3AF6F-4749-492E-A1C3-0F7D0EE3B2A1}.Debug|Any CPU.ActiveCfg = Debug|Any CPU
		{F8D3AF6F-4749-492E-A1C3-0F7D0EE3B2A1}.Debug|Any CPU.Build.0 = Debug|Any CPU
		{F8D3AF6F-4749-492E-A1C3-0F7D0EE3B2A1}.Release|Any CPU.ActiveCfg = Release|Any CPU
		{F8D3AF6F-4749-492E-A1C3-0F7D0EE3B2A1}.Release|Any CPU.Build.0 = Release|Any CPU
		{BE14B7DB-FE2D-4C68-9452-85F725DBF1E1}.Debug|Any CPU.ActiveCfg = Debug|Any CPU
		{BE14B7DB-FE2D-4C68-9452-85F725DBF1E1}.Debug|Any CPU.Build.0 = Debug|Any CPU
		{BE14B7DB-FE2D-4C68-9452-85F725DBF1E1}.Release|Any CPU.ActiveCfg = Release|Any CPU
		{BE14B7DB-FE2D-4C68-9452-85F725DBF1E1}.Release|Any CPU.Build.0 = Release|Any CPU
		{D95CC9F4-ABB4-4AB2-AE59-8B77B5CE5416}.Debug|Any CPU.ActiveCfg = Debug|Any CPU
		{D95CC9F4-ABB4-4AB2-AE59-8B77B5CE5416}.Debug|Any CPU.Build.0 = Debug|Any CPU
		{D95CC9F4-ABB4-4AB2-AE59-8B77B5CE5416}.Release|Any CPU.ActiveCfg = Release|Any CPU
		{D95CC9F4-ABB4-4AB2-AE59-8B77B5CE5416}.Release|Any CPU.Build.0 = Release|Any CPU
		{49F6BBAE-DC79-4376-81CC-37F1139A1040}.Debug|Any CPU.ActiveCfg = Debug|Any CPU
		{49F6BBAE-DC79-4376-81CC-37F1139A1040}.Debug|Any CPU.Build.0 = Debug|Any CPU
		{49F6BBAE-DC79-4376-81CC-37F1139A1040}.Release|Any CPU.ActiveCfg = Release|Any CPU
		{49F6BBAE-DC79-4376-81CC-37F1139A1040}.Release|Any CPU.Build.0 = Release|Any CPU
		{5305AF37-4CDF-428D-8FA6-9A52791A1C89}.Debug|Any CPU.ActiveCfg = Debug|Any CPU
		{5305AF37-4CDF-428D-8FA6-9A52791A1C89}.Debug|Any CPU.Build.0 = Debug|Any CPU
		{5305AF37-4CDF-428D-8FA6-9A52791A1C89}.Release|Any CPU.ActiveCfg = Release|Any CPU
		{5305AF37-4CDF-428D-8FA6-9A52791A1C89}.Release|Any CPU.Build.0 = Release|Any CPU
	EndGlobalSection
	GlobalSection(SolutionProperties) = preSolution
		HideSolutionNode = FALSE
	EndGlobalSection
	GlobalSection(ExtensibilityGlobals) = postSolution
		SolutionGuid = {A4294961-6651-45DB-9DCD-63D62636D5C9}
	EndGlobalSection
	GlobalSection(NestedProjects) = preSolution
		{9D712BDD-57EA-4FE0-8794-4C0875539A6A} = {ABBE278C-4560-420D-82E0-3C20CD3972F5}
		{4AFF5FBE-0F8C-4524-9DB6-398F5C38C956} = {ABBE278C-4560-420D-82E0-3C20CD3972F5}
		{2CD7C952-15EC-47B9-8622-EA72F5591F42} = {ABBE278C-4560-420D-82E0-3C20CD3972F5}
		{E75BE433-1E28-46AC-8121-4E018D92878C} = {4AFF5FBE-0F8C-4524-9DB6-398F5C38C956}
		{683860BE-756C-4C74-A943-C1F70BBCBD34} = {E75BE433-1E28-46AC-8121-4E018D92878C}
		{E5AAD8B8-305E-4341-B8A7-B5726206BB61} = {2CD7C952-15EC-47B9-8622-EA72F5591F42}
		{F35EE055-173B-4835-9F32-C86A188FE36A} = {9D712BDD-57EA-4FE0-8794-4C0875539A6A}
		{F8D3AF6F-4749-492E-A1C3-0F7D0EE3B2A1} = {F35EE055-173B-4835-9F32-C86A188FE36A}
		{BE14B7DB-FE2D-4C68-9452-85F725DBF1E1} = {E5AAD8B8-305E-4341-B8A7-B5726206BB61}
		{17FA428F-04AB-42A4-BB3B-7F824053AEE8} = {4AFF5FBE-0F8C-4524-9DB6-398F5C38C956}
		{D95CC9F4-ABB4-4AB2-AE59-8B77B5CE5416} = {17FA428F-04AB-42A4-BB3B-7F824053AEE8}
		{14CD8F6D-6268-470A-9673-3CE0EC41409D} = {9D712BDD-57EA-4FE0-8794-4C0875539A6A}
		{49F6BBAE-DC79-4376-81CC-37F1139A1040} = {14CD8F6D-6268-470A-9673-3CE0EC41409D}
		{F679F267-054B-4389-97C1-AA293FCEE650} = {4AFF5FBE-0F8C-4524-9DB6-398F5C38C956}
		{5305AF37-4CDF-428D-8FA6-9A52791A1C89} = {F679F267-054B-4389-97C1-AA293FCEE650}
	EndGlobalSection
EndGlobal
